// !$*UTF8*$!
{
	archiveVersion = 1;
	classes = {
	};
	objectVersion = 46;
	objects = {

/* Begin PBXBuildFile section */
		79C4B9731DC3A6600047EF23 /* AppDelegate.swift in Sources */ = {isa = PBXBuildFile; fileRef = 79C4B9721DC3A6600047EF23 /* AppDelegate.swift */; };
		79C4B9751DC3A6600047EF23 /* ViewController.swift in Sources */ = {isa = PBXBuildFile; fileRef = 79C4B9741DC3A6600047EF23 /* ViewController.swift */; };
		79C4B97A1DC3A6600047EF23 /* Assets.xcassets in Resources */ = {isa = PBXBuildFile; fileRef = 79C4B9791DC3A6600047EF23 /* Assets.xcassets */; };
		79C4B97D1DC3A6600047EF23 /* LaunchScreen.storyboard in Resources */ = {isa = PBXBuildFile; fileRef = 79C4B97B1DC3A6600047EF23 /* LaunchScreen.storyboard */; };
		79C4B9911DC3A69B0047EF23 /* ZYColumnConfig.swift in Sources */ = {isa = PBXBuildFile; fileRef = 79C4B9851DC3A69B0047EF23 /* ZYColumnConfig.swift */; };
		79C4B9921DC3A69B0047EF23 /* ZYColumnDownPromptView.swift in Sources */ = {isa = PBXBuildFile; fileRef = 79C4B9861DC3A69B0047EF23 /* ZYColumnDownPromptView.swift */; };
		79C4B9931DC3A69B0047EF23 /* ZYColumnHScrollView.swift in Sources */ = {isa = PBXBuildFile; fileRef = 79C4B9871DC3A69B0047EF23 /* ZYColumnHScrollView.swift */; };
		79C4B9941DC3A69B0047EF23 /* ZYColumnItem.swift in Sources */ = {isa = PBXBuildFile; fileRef = 79C4B9881DC3A69B0047EF23 /* ZYColumnItem.swift */; };
		79C4B9951DC3A69B0047EF23 /* column_edit_button@2x.png in Resources */ = {isa = PBXBuildFile; fileRef = 79C4B98A1DC3A69B0047EF23 /* column_edit_button@2x.png */; };
		79C4B9961DC3A69B0047EF23 /* column_edit_delete@2x.png in Resources */ = {isa = PBXBuildFile; fileRef = 79C4B98B1DC3A69B0047EF23 /* column_edit_delete@2x.png */; };
		79C4B9971DC3A69B0047EF23 /* column_item_bg@2x.png in Resources */ = {isa = PBXBuildFile; fileRef = 79C4B98C1DC3A69B0047EF23 /* column_item_bg@2x.png */; };
		79C4B9981DC3A69B0047EF23 /* column_spread@2x.png in Resources */ = {isa = PBXBuildFile; fileRef = 79C4B98D1DC3A69B0047EF23 /* column_spread@2x.png */; };
		79C4B9991DC3A69B0047EF23 /* ZYColumnSpreadView.swift in Sources */ = {isa = PBXBuildFile; fileRef = 79C4B98E1DC3A69B0047EF23 /* ZYColumnSpreadView.swift */; };
		79C4B99A1DC3A69B0047EF23 /* ZYColumnUpPromptView.swift in Sources */ = {isa = PBXBuildFile; fileRef = 79C4B98F1DC3A69B0047EF23 /* ZYColumnUpPromptView.swift */; };
		79C4B99B1DC3A69B0047EF23 /* ZYColumnViewController.swift in Sources */ = {isa = PBXBuildFile; fileRef = 79C4B9901DC3A69B0047EF23 /* ZYColumnViewController.swift */; };
/* End PBXBuildFile section */

/* Begin PBXFileReference section */
		79C4B96F1DC3A6600047EF23 /* ZYColumnViewDemo.app */ = {isa = PBXFileReference; explicitFileType = wrapper.application; includeInIndex = 0; path = ZYColumnViewDemo.app; sourceTree = BUILT_PRODUCTS_DIR; };
		79C4B9721DC3A6600047EF23 /* AppDelegate.swift */ = {isa = PBXFileReference; lastKnownFileType = sourcecode.swift; path = AppDelegate.swift; sourceTree = "<group>"; };
		79C4B9741DC3A6600047EF23 /* ViewController.swift */ = {isa = PBXFileReference; lastKnownFileType = sourcecode.swift; path = ViewController.swift; sourceTree = "<group>"; };
		79C4B9791DC3A6600047EF23 /* Assets.xcassets */ = {isa = PBXFileReference; lastKnownFileType = folder.assetcatalog; path = Assets.xcassets; sourceTree = "<group>"; };
		79C4B97C1DC3A6600047EF23 /* Base */ = {isa = PBXFileReference; lastKnownFileType = file.storyboard; name = Base; path = Base.lproj/LaunchScreen.storyboard; sourceTree = "<group>"; };
		79C4B97E1DC3A6600047EF23 /* Info.plist */ = {isa = PBXFileReference; lastKnownFileType = text.plist.xml; path = Info.plist; sourceTree = "<group>"; };
		79C4B9851DC3A69B0047EF23 /* ZYColumnConfig.swift */ = {isa = PBXFileReference; fileEncoding = 4; lastKnownFileType = sourcecode.swift; path = ZYColumnConfig.swift; sourceTree = "<group>"; };
		79C4B9861DC3A69B0047EF23 /* ZYColumnDownPromptView.swift */ = {isa = PBXFileReference; fileEncoding = 4; lastKnownFileType = sourcecode.swift; path = ZYColumnDownPromptView.swift; sourceTree = "<group>"; };
		79C4B9871DC3A69B0047EF23 /* ZYColumnHScrollView.swift */ = {isa = PBXFileReference; fileEncoding = 4; lastKnownFileType = sourcecode.swift; path = ZYColumnHScrollView.swift; sourceTree = "<group>"; };
		79C4B9881DC3A69B0047EF23 /* ZYColumnItem.swift */ = {isa = PBXFileReference; fileEncoding = 4; lastKnownFileType = sourcecode.swift; path = ZYColumnItem.swift; sourceTree = "<group>"; };
		79C4B98A1DC3A69B0047EF23 /* column_edit_button@2x.png */ = {isa = PBXFileReference; lastKnownFileType = image.png; path = "column_edit_button@2x.png"; sourceTree = "<group>"; };
		79C4B98B1DC3A69B0047EF23 /* column_edit_delete@2x.png */ = {isa = PBXFileReference; lastKnownFileType = image.png; path = "column_edit_delete@2x.png"; sourceTree = "<group>"; };
		79C4B98C1DC3A69B0047EF23 /* column_item_bg@2x.png */ = {isa = PBXFileReference; lastKnownFileType = image.png; path = "column_item_bg@2x.png"; sourceTree = "<group>"; };
		79C4B98D1DC3A69B0047EF23 /* column_spread@2x.png */ = {isa = PBXFileReference; lastKnownFileType = image.png; path = "column_spread@2x.png"; sourceTree = "<group>"; };
		79C4B98E1DC3A69B0047EF23 /* ZYColumnSpreadView.swift */ = {isa = PBXFileReference; fileEncoding = 4; lastKnownFileType = sourcecode.swift; path = ZYColumnSpreadView.swift; sourceTree = "<group>"; };
		79C4B98F1DC3A69B0047EF23 /* ZYColumnUpPromptView.swift */ = {isa = PBXFileReference; fileEncoding = 4; lastKnownFileType = sourcecode.swift; path = ZYColumnUpPromptView.swift; sourceTree = "<group>"; };
		79C4B9901DC3A69B0047EF23 /* ZYColumnViewController.swift */ = {isa = PBXFileReference; fileEncoding = 4; lastKnownFileType = sourcecode.swift; path = ZYColumnViewController.swift; sourceTree = "<group>"; };
/* End PBXFileReference section */

/* Begin PBXFrameworksBuildPhase section */
		79C4B96C1DC3A6600047EF23 /* Frameworks */ = {
			isa = PBXFrameworksBuildPhase;
			buildActionMask = 2147483647;
			files = (
			);
			runOnlyForDeploymentPostprocessing = 0;
		};
/* End PBXFrameworksBuildPhase section */

/* Begin PBXGroup section */
		79C4B9661DC3A6600047EF23 = {
			isa = PBXGroup;
			children = (
				79C4B9711DC3A6600047EF23 /* ZYColumnViewDemo */,
				79C4B9701DC3A6600047EF23 /* Products */,
			);
			sourceTree = "<group>";
		};
		79C4B9701DC3A6600047EF23 /* Products */ = {
			isa = PBXGroup;
			children = (
				79C4B96F1DC3A6600047EF23 /* ZYColumnViewDemo.app */,
			);
			name = Products;
			sourceTree = "<group>";
		};
		79C4B9711DC3A6600047EF23 /* ZYColumnViewDemo */ = {
			isa = PBXGroup;
			children = (
				79C4B9841DC3A69B0047EF23 /* ZYColumnView */,
				79C4B9721DC3A6600047EF23 /* AppDelegate.swift */,
				79C4B9741DC3A6600047EF23 /* ViewController.swift */,
				79C4B9791DC3A6600047EF23 /* Assets.xcassets */,
				79C4B97B1DC3A6600047EF23 /* LaunchScreen.storyboard */,
				79C4B97E1DC3A6600047EF23 /* Info.plist */,
			);
			path = ZYColumnViewDemo;
			sourceTree = "<group>";
		};
		79C4B9841DC3A69B0047EF23 /* ZYColumnView */ = {
			isa = PBXGroup;
			children = (
				79C4B9851DC3A69B0047EF23 /* ZYColumnConfig.swift */,
				79C4B9861DC3A69B0047EF23 /* ZYColumnDownPromptView.swift */,
				79C4B9871DC3A69B0047EF23 /* ZYColumnHScrollView.swift */,
				79C4B9881DC3A69B0047EF23 /* ZYColumnItem.swift */,
				79C4B9891DC3A69B0047EF23 /* ZYColumnResource */,
				79C4B98E1DC3A69B0047EF23 /* ZYColumnSpreadView.swift */,
				79C4B98F1DC3A69B0047EF23 /* ZYColumnUpPromptView.swift */,
				79C4B9901DC3A69B0047EF23 /* ZYColumnViewController.swift */,
			);
			path = ZYColumnView;
			sourceTree = "<group>";
		};
		79C4B9891DC3A69B0047EF23 /* ZYColumnResource */ = {
			isa = PBXGroup;
			children = (
				79C4B98A1DC3A69B0047EF23 /* column_edit_button@2x.png */,
				79C4B98B1DC3A69B0047EF23 /* column_edit_delete@2x.png */,
				79C4B98C1DC3A69B0047EF23 /* column_item_bg@2x.png */,
				79C4B98D1DC3A69B0047EF23 /* column_spread@2x.png */,
			);
			path = ZYColumnResource;
			sourceTree = "<group>";
		};
/* End PBXGroup section */

/* Begin PBXNativeTarget section */
		79C4B96E1DC3A6600047EF23 /* ZYColumnViewDemo */ = {
			isa = PBXNativeTarget;
			buildConfigurationList = 79C4B9811DC3A6600047EF23 /* Build configuration list for PBXNativeTarget "ZYColumnViewDemo" */;
			buildPhases = (
				79C4B96B1DC3A6600047EF23 /* Sources */,
				79C4B96C1DC3A6600047EF23 /* Frameworks */,
				79C4B96D1DC3A6600047EF23 /* Resources */,
			);
			buildRules = (
			);
			dependencies = (
			);
			name = ZYColumnViewDemo;
			productName = ZYColumnViewDemo;
			productReference = 79C4B96F1DC3A6600047EF23 /* ZYColumnViewDemo.app */;
			productType = "com.apple.product-type.application";
		};
/* End PBXNativeTarget section */

/* Begin PBXProject section */
		79C4B9671DC3A6600047EF23 /* Project object */ = {
			isa = PBXProject;
			attributes = {
				LastSwiftUpdateCheck = 0800;
				LastUpgradeCheck = 0910;
				ORGANIZATIONNAME = "成都拓尔思";
				TargetAttributes = {
					79C4B96E1DC3A6600047EF23 = {
						CreatedOnToolsVersion = 8.0;
						LastSwiftMigration = 0910;
						ProvisioningStyle = Automatic;
					};
				};
			};
			buildConfigurationList = 79C4B96A1DC3A6600047EF23 /* Build configuration list for PBXProject "ZYColumnViewDemo" */;
			compatibilityVersion = "Xcode 3.2";
			developmentRegion = English;
			hasScannedForEncodings = 0;
			knownRegions = (
				en,
				Base,
			);
			mainGroup = 79C4B9661DC3A6600047EF23;
			productRefGroup = 79C4B9701DC3A6600047EF23 /* Products */;
			projectDirPath = "";
			projectRoot = "";
			targets = (
				79C4B96E1DC3A6600047EF23 /* ZYColumnViewDemo */,
			);
		};
/* End PBXProject section */

/* Begin PBXResourcesBuildPhase section */
		79C4B96D1DC3A6600047EF23 /* Resources */ = {
			isa = PBXResourcesBuildPhase;
			buildActionMask = 2147483647;
			files = (
				79C4B9971DC3A69B0047EF23 /* column_item_bg@2x.png in Resources */,
				79C4B9961DC3A69B0047EF23 /* column_edit_delete@2x.png in Resources */,
				79C4B9951DC3A69B0047EF23 /* column_edit_button@2x.png in Resources */,
				79C4B97D1DC3A6600047EF23 /* LaunchScreen.storyboard in Resources */,
				79C4B97A1DC3A6600047EF23 /* Assets.xcassets in Resources */,
				79C4B9981DC3A69B0047EF23 /* column_spread@2x.png in Resources */,
			);
			runOnlyForDeploymentPostprocessing = 0;
		};
/* End PBXResourcesBuildPhase section */

/* Begin PBXSourcesBuildPhase section */
		79C4B96B1DC3A6600047EF23 /* Sources */ = {
			isa = PBXSourcesBuildPhase;
			buildActionMask = 2147483647;
			files = (
				79C4B99B1DC3A69B0047EF23 /* ZYColumnViewController.swift in Sources */,
				79C4B99A1DC3A69B0047EF23 /* ZYColumnUpPromptView.swift in Sources */,
				79C4B9751DC3A6600047EF23 /* ViewController.swift in Sources */,
				79C4B9941DC3A69B0047EF23 /* ZYColumnItem.swift in Sources */,
				79C4B9921DC3A69B0047EF23 /* ZYColumnDownPromptView.swift in Sources */,
				79C4B9931DC3A69B0047EF23 /* ZYColumnHScrollView.swift in Sources */,
				79C4B9991DC3A69B0047EF23 /* ZYColumnSpreadView.swift in Sources */,
				79C4B9911DC3A69B0047EF23 /* ZYColumnConfig.swift in Sources */,
				79C4B9731DC3A6600047EF23 /* AppDelegate.swift in Sources */,
			);
			runOnlyForDeploymentPostprocessing = 0;
		};
/* End PBXSourcesBuildPhase section */

/* Begin PBXVariantGroup section */
		79C4B97B1DC3A6600047EF23 /* LaunchScreen.storyboard */ = {
			isa = PBXVariantGroup;
			children = (
				79C4B97C1DC3A6600047EF23 /* Base */,
			);
			name = LaunchScreen.storyboard;
			sourceTree = "<group>";
		};
/* End PBXVariantGroup section */

/* Begin XCBuildConfiguration section */
		79C4B97F1DC3A6600047EF23 /* Debug */ = {
			isa = XCBuildConfiguration;
			buildSettings = {
				ALWAYS_SEARCH_USER_PATHS = NO;
				CLANG_ANALYZER_NONNULL = YES;
				CLANG_CXX_LANGUAGE_STANDARD = "gnu++0x";
				CLANG_CXX_LIBRARY = "libc++";
				CLANG_ENABLE_MODULES = YES;
				CLANG_ENABLE_OBJC_ARC = YES;
				CLANG_WARN_BLOCK_CAPTURE_AUTORELEASING = YES;
				CLANG_WARN_BOOL_CONVERSION = YES;
				CLANG_WARN_COMMA = YES;
				CLANG_WARN_CONSTANT_CONVERSION = YES;
				CLANG_WARN_DIRECT_OBJC_ISA_USAGE = YES_ERROR;
				CLANG_WARN_DOCUMENTATION_COMMENTS = YES;
				CLANG_WARN_EMPTY_BODY = YES;
				CLANG_WARN_ENUM_CONVERSION = YES;
				CLANG_WARN_INFINITE_RECURSION = YES;
				CLANG_WARN_INT_CONVERSION = YES;
				CLANG_WARN_NON_LITERAL_NULL_CONVERSION = YES;
				CLANG_WARN_OBJC_LITERAL_CONVERSION = YES;
				CLANG_WARN_OBJC_ROOT_CLASS = YES_ERROR;
				CLANG_WARN_RANGE_LOOP_ANALYSIS = YES;
				CLANG_WARN_STRICT_PROTOTYPES = YES;
				CLANG_WARN_SUSPICIOUS_MOVE = YES;
				CLANG_WARN_SUSPICIOUS_MOVES = YES;
				CLANG_WARN_UNREACHABLE_CODE = YES;
				CLANG_WARN__DUPLICATE_METHOD_MATCH = YES;
				"CODE_SIGN_IDENTITY[sdk=iphoneos*]" = "iPhone Developer";
				COPY_PHASE_STRIP = NO;
				DEBUG_INFORMATION_FORMAT = dwarf;
				ENABLE_STRICT_OBJC_MSGSEND = YES;
				ENABLE_TESTABILITY = YES;
				GCC_C_LANGUAGE_STANDARD = gnu99;
				GCC_DYNAMIC_NO_PIC = NO;
				GCC_NO_COMMON_BLOCKS = YES;
				GCC_OPTIMIZATION_LEVEL = 0;
				GCC_PREPROCESSOR_DEFINITIONS = (
					"DEBUG=1",
					"$(inherited)",
				);
				GCC_WARN_64_TO_32_BIT_CONVERSION = YES;
				GCC_WARN_ABOUT_RETURN_TYPE = YES_ERROR;
				GCC_WARN_UNDECLARED_SELECTOR = YES;
				GCC_WARN_UNINITIALIZED_AUTOS = YES_AGGRESSIVE;
				GCC_WARN_UNUSED_FUNCTION = YES;
				GCC_WARN_UNUSED_VARIABLE = YES;
				IPHONEOS_DEPLOYMENT_TARGET = 10.0;
				MTL_ENABLE_DEBUG_INFO = YES;
				ONLY_ACTIVE_ARCH = YES;
				SDKROOT = iphoneos;
				SWIFT_ACTIVE_COMPILATION_CONDITIONS = DEBUG;
				SWIFT_OPTIMIZATION_LEVEL = "-Onone";
			};
			name = Debug;
		};
		79C4B9801DC3A6600047EF23 /* Release */ = {
			isa = XCBuildConfiguration;
			buildSettings = {
				ALWAYS_SEARCH_USER_PATHS = NO;
				CLANG_ANALYZER_NONNULL = YES;
				CLANG_CXX_LANGUAGE_STANDARD = "gnu++0x";
				CLANG_CXX_LIBRARY = "libc++";
				CLANG_ENABLE_MODULES = YES;
				CLANG_ENABLE_OBJC_ARC = YES;
				CLANG_WARN_BLOCK_CAPTURE_AUTORELEASING = YES;
				CLANG_WARN_BOOL_CONVERSION = YES;
				CLANG_WARN_COMMA = YES;
				CLANG_WARN_CONSTANT_CONVERSION = YES;
				CLANG_WARN_DIRECT_OBJC_ISA_USAGE = YES_ERROR;
				CLANG_WARN_DOCUMENTATION_COMMENTS = YES;
				CLANG_WARN_EMPTY_BODY = YES;
				CLANG_WARN_ENUM_CONVERSION = YES;
				CLANG_WARN_INFINITE_RECURSION = YES;
				CLANG_WARN_INT_CONVERSION = YES;
				CLANG_WARN_NON_LITERAL_NULL_CONVERSION = YES;
				CLANG_WARN_OBJC_LITERAL_CONVERSION = YES;
				CLANG_WARN_OBJC_ROOT_CLASS = YES_ERROR;
				CLANG_WARN_RANGE_LOOP_ANALYSIS = YES;
				CLANG_WARN_STRICT_PROTOTYPES = YES;
				CLANG_WARN_SUSPICIOUS_MOVE = YES;
				CLANG_WARN_SUSPICIOUS_MOVES = YES;
				CLANG_WARN_UNREACHABLE_CODE = YES;
				CLANG_WARN__DUPLICATE_METHOD_MATCH = YES;
				"CODE_SIGN_IDENTITY[sdk=iphoneos*]" = "iPhone Developer";
				COPY_PHASE_STRIP = NO;
				DEBUG_INFORMATION_FORMAT = "dwarf-with-dsym";
				ENABLE_NS_ASSERTIONS = NO;
				ENABLE_STRICT_OBJC_MSGSEND = YES;
				GCC_C_LANGUAGE_STANDARD = gnu99;
				GCC_NO_COMMON_BLOCKS = YES;
				GCC_WARN_64_TO_32_BIT_CONVERSION = YES;
				GCC_WARN_ABOUT_RETURN_TYPE = YES_ERROR;
				GCC_WARN_UNDECLARED_SELECTOR = YES;
				GCC_WARN_UNINITIALIZED_AUTOS = YES_AGGRESSIVE;
				GCC_WARN_UNUSED_FUNCTION = YES;
				GCC_WARN_UNUSED_VARIABLE = YES;
				IPHONEOS_DEPLOYMENT_TARGET = 10.0;
				MTL_ENABLE_DEBUG_INFO = NO;
				SDKROOT = iphoneos;
				SWIFT_OPTIMIZATION_LEVEL = "-Owholemodule";
				VALIDATE_PRODUCT = YES;
			};
			name = Release;
		};
		79C4B9821DC3A6600047EF23 /* Debug */ = {
			isa = XCBuildConfiguration;
			buildSettings = {
				ASSETCATALOG_COMPILER_APPICON_NAME = AppIcon;
				INFOPLIST_FILE = ZYColumnViewDemo/Info.plist;
				IPHONEOS_DEPLOYMENT_TARGET = 10.2;
				LD_RUNPATH_SEARCH_PATHS = "$(inherited) @executable_path/Frameworks";
				PRODUCT_BUNDLE_IDENTIFIER = com.trs.test.ZYColumnViewDemo;
				PRODUCT_NAME = "$(TARGET_NAME)";
				SWIFT_SWIFT3_OBJC_INFERENCE = Default;
				SWIFT_VERSION = 4.0;
			};
			name = Debug;
		};
		79C4B9831DC3A6600047EF23 /* Release */ = {
			isa = XCBuildConfiguration;
			buildSettings = {
				ASSETCATALOG_COMPILER_APPICON_NAME = AppIcon;
				INFOPLIST_FILE = ZYColumnViewDemo/Info.plist;
				IPHONEOS_DEPLOYMENT_TARGET = 10.2;
				LD_RUNPATH_SEARCH_PATHS = "$(inherited) @executable_path/Frameworks";
				PRODUCT_BUNDLE_IDENTIFIER = com.trs.test.ZYColumnViewDemo;
				PRODUCT_NAME = "$(TARGET_NAME)";
				SWIFT_SWIFT3_OBJC_INFERENCE = Default;
				SWIFT_VERSION = 4.0;
			};
			name = Release;
		};
/* End XCBuildConfiguration section */

/* Begin XCConfigurationList section */
		79C4B96A1DC3A6600047EF23 /* Build configuration list for PBXProject "ZYColumnViewDemo" */ = {
			isa = XCConfigurationList;
			buildConfigurations = (
				79C4B97F1DC3A6600047EF23 /* Debug */,
				79C4B9801DC3A6600047EF23 /* Release */,
			);
			defaultConfigurationIsVisible = 0;
			defaultConfigurationName = Release;
		};
		79C4B9811DC3A6600047EF23 /* Build configuration list for PBXNativeTarget "ZYColumnViewDemo" */ = {
			isa = XCConfigurationList;
			buildConfigurations = (
				79C4B9821DC3A6600047EF23 /* Debug */,
				79C4B9831DC3A6600047EF23 /* Release */,
			);
			defaultConfigurationIsVisible = 0;
			defaultConfigurationName = Release;
		};
/* End XCConfigurationList section */
	};
	rootObject = 79C4B9671DC3A6600047EF23 /* Project object */;
}
